
Microsoft Visual Studio Solution File, Format Version 12.00
# Visual Studio Version 17
VisualStudioVersion = 17.4.33213.308
MinimumVisualStudioVersion = 10.0.40219.1
Project("{9A19103F-16F7-4668-BE54-9A1E7A4F7556}") = "SameZeraIJedynka", "SameZeraIJedynka\SameZeraIJedynka.csproj", "{4D5F07C1-6295-4676-9D80-8D0D3966DCD7}"
EndProject
Project("{9A19103F-16F7-4668-BE54-9A1E7A4F7556}") = "SameZeraIjedynka.Database", "SameZeraIjedynka.Database\SameZeraIjedynka.Database.csproj", "{0EE6F965-FDEB-4D1F-A409-2386EAAC88E5}"
EndProject
Project("{9A19103F-16F7-4668-BE54-9A1E7A4F7556}") = "SameZeraIJedynka.BusinnessLogic.UnitTests", "SameZeraIJedynka.BusinnessLogic.UnitTests\SameZeraIJedynka.BusinnessLogic.UnitTests.csproj", "{16C3D090-38D0-4691-A111-F2B4B8C64788}"
EndProject
Project("{9A19103F-16F7-4668-BE54-9A1E7A4F7556}") = "SameZeraIjedynka.BusinnessLogic", "SameZeraIjedynka.BusinnessLogic\SameZeraIjedynka.BusinnessLogic.csproj", "{774A5286-BB8E-4029-9CB6-69896F317021}"
EndProject
Global
	GlobalSection(SolutionConfigurationPlatforms) = preSolution
		Debug|Any CPU = Debug|Any CPU
		Release|Any CPU = Release|Any CPU
	EndGlobalSection
	GlobalSection(ProjectConfigurationPlatforms) = postSolution
		{4D5F07C1-6295-4676-9D80-8D0D3966DCD7}.Debug|Any CPU.ActiveCfg = Debug|Any CPU
		{4D5F07C1-6295-4676-9D80-8D0D3966DCD7}.Debug|Any CPU.Build.0 = Debug|Any CPU
		{4D5F07C1-6295-4676-9D80-8D0D3966DCD7}.Release|Any CPU.ActiveCfg = Release|Any CPU
		{4D5F07C1-6295-4676-9D80-8D0D3966DCD7}.Release|Any CPU.Build.0 = Release|Any CPU
		{0EE6F965-FDEB-4D1F-A409-2386EAAC88E5}.Debug|Any CPU.ActiveCfg = Debug|Any CPU
		{0EE6F965-FDEB-4D1F-A409-2386EAAC88E5}.Debug|Any CPU.Build.0 = Debug|Any CPU
		{0EE6F965-FDEB-4D1F-A409-2386EAAC88E5}.Release|Any CPU.ActiveCfg = Release|Any CPU
		{0EE6F965-FDEB-4D1F-A409-2386EAAC88E5}.Release|Any CPU.Build.0 = Release|Any CPU
		{16C3D090-38D0-4691-A111-F2B4B8C64788}.Debug|Any CPU.ActiveCfg = Debug|Any CPU
		{16C3D090-38D0-4691-A111-F2B4B8C64788}.Debug|Any CPU.Build.0 = Debug|Any CPU
		{16C3D090-38D0-4691-A111-F2B4B8C64788}.Release|Any CPU.ActiveCfg = Release|Any CPU
		{16C3D090-38D0-4691-A111-F2B4B8C64788}.Release|Any CPU.Build.0 = Release|Any CPU
		{774A5286-BB8E-4029-9CB6-69896F317021}.Debug|Any CPU.ActiveCfg = Debug|Any CPU
		{774A5286-BB8E-4029-9CB6-69896F317021}.Debug|Any CPU.Build.0 = Debug|Any CPU
		{774A5286-BB8E-4029-9CB6-69896F317021}.Release|Any CPU.ActiveCfg = Release|Any CPU
		{774A5286-BB8E-4029-9CB6-69896F317021}.Release|Any CPU.Build.0 = Release|Any CPU
	EndGlobalSection
	GlobalSection(SolutionProperties) = preSolution
		HideSolutionNode = FALSE
	EndGlobalSection
	GlobalSection(ExtensibilityGlobals) = postSolution
		SolutionGuid = {2D9C6BDC-3BCC-4F06-BC57-5458BD0473C5}
	EndGlobalSection
EndGlobal
